
Microsoft Visual Studio Solution File, Format Version 12.00
# Visual Studio Version 16
VisualStudioVersion = 16.0.31402.337
MinimumVisualStudioVersion = 10.0.40219.1
Project("{9A19103F-16F7-4668-BE54-9A1E7A4F7556}") = "DBA", "DBA\DBA.csproj", "{D7BD9C29-6425-4678-9F90-1D01736419A8}"
EndProject
Project("{FAE04EC0-301F-11D3-BF4B-00C04F79EFBC}") = "API_Cons", "API_Cons\API_Cons.csproj", "{D384E1CA-08DD-4B30-918F-C242D5616F0C}"
EndProject
Global
	GlobalSection(SolutionConfigurationPlatforms) = preSolution
		Debug|Any CPU = Debug|Any CPU
		Release|Any CPU = Release|Any CPU
	EndGlobalSection
	GlobalSection(ProjectConfigurationPlatforms) = postSolution
		{D7BD9C29-6425-4678-9F90-1D01736419A8}.Debug|Any CPU.ActiveCfg = Debug|Any CPU
		{D7BD9C29-6425-4678-9F90-1D01736419A8}.Debug|Any CPU.Build.0 = Debug|Any CPU
		{D7BD9C29-6425-4678-9F90-1D01736419A8}.Release|Any CPU.ActiveCfg = Release|Any CPU
		{D7BD9C29-6425-4678-9F90-1D01736419A8}.Release|Any CPU.Build.0 = Release|Any CPU
		{D384E1CA-08DD-4B30-918F-C242D5616F0C}.Debug|Any CPU.ActiveCfg = Debug|Any CPU
		{D384E1CA-08DD-4B30-918F-C242D5616F0C}.Debug|Any CPU.Build.0 = Debug|Any CPU
		{D384E1CA-08DD-4B30-918F-C242D5616F0C}.Release|Any CPU.ActiveCfg = Release|Any CPU
		{D384E1CA-08DD-4B30-918F-C242D5616F0C}.Release|Any CPU.Build.0 = Release|Any CPU
	EndGlobalSection
	GlobalSection(SolutionProperties) = preSolution
		HideSolutionNode = FALSE
	EndGlobalSection
	GlobalSection(ExtensibilityGlobals) = postSolution
		SolutionGuid = {14AF34D8-5020-42D1-BDAA-40D7ECD9906A}
	EndGlobalSection
EndGlobal
